
Microsoft Visual Studio Solution File, Format Version 12.00
# Visual Studio Version 17
VisualStudioVersion = 17.3.32825.248
MinimumVisualStudioVersion = 10.0.40219.1
Project("{FAE04EC0-301F-11D3-BF4B-00C04F79EFBC}") = "CalculatorWPF", "CalculatorWPF\CalculatorWPF.csproj", "{60CC7F79-9694-4EC0-81CB-85B9281A3C06}"
EndProject
Global
	GlobalSection(SolutionConfigurationPlatforms) = preSolution
		Debug|Any CPU = Debug|Any CPU
		Release|Any CPU = Release|Any CPU
	EndGlobalSection
	GlobalSection(ProjectConfigurationPlatforms) = postSolution
		{60CC7F79-9694-4EC0-81CB-85B9281A3C06}.Debug|Any CPU.ActiveCfg = Debug|Any CPU
		{60CC7F79-9694-4EC0-81CB-85B9281A3C06}.Debug|Any CPU.Build.0 = Debug|Any CPU
		{60CC7F79-9694-4EC0-81CB-85B9281A3C06}.Release|Any CPU.ActiveCfg = Release|Any CPU
		{60CC7F79-9694-4EC0-81CB-85B9281A3C06}.Release|Any CPU.Build.0 = Release|Any CPU
	EndGlobalSection
	GlobalSection(SolutionProperties) = preSolution
		HideSolutionNode = FALSE
	EndGlobalSection
	GlobalSection(ExtensibilityGlobals) = postSolution
		SolutionGuid = {A94683DF-E813-44FB-9040-DEB46D3C6B37}
	EndGlobalSection
EndGlobal
